
Microsoft Visual Studio Solution File, Format Version 12.00
# Visual Studio Version 17
VisualStudioVersion = 17.14.36414.22 d17.14
MinimumVisualStudioVersion = 10.0.40219.1
Project("{FAE04EC0-301F-11D3-BF4B-00C04F79EFBC}") = "inspelning visual studio genomgång", "inspelning visual studio genomgång.csproj", "{B1B9ABDA-C7C8-47C7-BA6D-93455554CDFF}"
EndProject
Global
	GlobalSection(SolutionConfigurationPlatforms) = preSolution
		Debug|Any CPU = Debug|Any CPU
		Release|Any CPU = Release|Any CPU
	EndGlobalSection
	GlobalSection(ProjectConfigurationPlatforms) = postSolution
		{B1B9ABDA-C7C8-47C7-BA6D-93455554CDFF}.Debug|Any CPU.ActiveCfg = Debug|Any CPU
		{B1B9ABDA-C7C8-47C7-BA6D-93455554CDFF}.Debug|Any CPU.Build.0 = Debug|Any CPU
		{B1B9ABDA-C7C8-47C7-BA6D-93455554CDFF}.Release|Any CPU.ActiveCfg = Release|Any CPU
		{B1B9ABDA-C7C8-47C7-BA6D-93455554CDFF}.Release|Any CPU.Build.0 = Release|Any CPU
	EndGlobalSection
	GlobalSection(SolutionProperties) = preSolution
		HideSolutionNode = FALSE
	EndGlobalSection
	GlobalSection(ExtensibilityGlobals) = postSolution
		SolutionGuid = {D5E12081-110D-48B4-93FC-CF694F78B430}
	EndGlobalSection
EndGlobal
